{
  "originHash" : "fbdec518f66720abc9cceef1ea36ee3229c4faa09fdcfd36f45e77839c989f98",
  "pins" : [
    {
      "identity" : "purchases-ios",
      "kind" : "remoteSourceControl",
      "location" : "https://github.com/RevenueCat/purchases-ios",
      "state" : {
        "revision" : "65d43f4984c70756aeb14987a1fb7cceb8120bb2",
        "version" : "5.1.0"
      }
    }
  ],
  "version" : 3
}
